
Microsoft Visual Studio Solution File, Format Version 12.00
# Visual Studio Version 17
VisualStudioVersion = 17.7.34024.191
MinimumVisualStudioVersion = 10.0.40219.1
Project("{9A19103F-16F7-4668-BE54-9A1E7A4F7556}") = "InterlaboratoryUNIIM", "InterlaboratoryUNIIM\InterlaboratoryUNIIM.csproj", "{59FDDA64-B534-4002-A424-1D4071695688}"
EndProject
Project("{FAE04EC0-301F-11D3-BF4B-00C04F79EFBC}") = "InterlaboretoryTestProject", "InterlaboretoryTestProject\InterlaboretoryTestProject.csproj", "{A09732F8-9545-4A38-8BF6-4B739710516D}"
EndProject
Global
	GlobalSection(SolutionConfigurationPlatforms) = preSolution
		Debug|Any CPU = Debug|Any CPU
		Release|Any CPU = Release|Any CPU
	EndGlobalSection
	GlobalSection(ProjectConfigurationPlatforms) = postSolution
		{59FDDA64-B534-4002-A424-1D4071695688}.Debug|Any CPU.ActiveCfg = Debug|Any CPU
		{59FDDA64-B534-4002-A424-1D4071695688}.Debug|Any CPU.Build.0 = Debug|Any CPU
		{59FDDA64-B534-4002-A424-1D4071695688}.Release|Any CPU.ActiveCfg = Release|Any CPU
		{59FDDA64-B534-4002-A424-1D4071695688}.Release|Any CPU.Build.0 = Release|Any CPU
		{A09732F8-9545-4A38-8BF6-4B739710516D}.Debug|Any CPU.ActiveCfg = Debug|Any CPU
		{A09732F8-9545-4A38-8BF6-4B739710516D}.Debug|Any CPU.Build.0 = Debug|Any CPU
		{A09732F8-9545-4A38-8BF6-4B739710516D}.Release|Any CPU.ActiveCfg = Release|Any CPU
		{A09732F8-9545-4A38-8BF6-4B739710516D}.Release|Any CPU.Build.0 = Release|Any CPU
	EndGlobalSection
	GlobalSection(SolutionProperties) = preSolution
		HideSolutionNode = FALSE
	EndGlobalSection
	GlobalSection(ExtensibilityGlobals) = postSolution
		SolutionGuid = {115F8BD6-363B-4D7B-AFBE-BA70DB054051}
	EndGlobalSection
EndGlobal
